
Microsoft Visual Studio Solution File, Format Version 12.00
# Visual Studio Version 16
VisualStudioVersion = 16.0.29728.190
MinimumVisualStudioVersion = 10.0.40219.1
Project("{FAE04EC0-301F-11D3-BF4B-00C04F79EFBC}") = "Hoofdstuk10_ArraysEnKlassen", "Hoofdstuk10_ArraysEnKlassen\Hoofdstuk10_ArraysEnKlassen.csproj", "{FEA37A73-F628-4F72-AF7F-B4BD0E6E08E3}"
EndProject
Global
	GlobalSection(SolutionConfigurationPlatforms) = preSolution
		Debug|Any CPU = Debug|Any CPU
		Release|Any CPU = Release|Any CPU
	EndGlobalSection
	GlobalSection(ProjectConfigurationPlatforms) = postSolution
		{FEA37A73-F628-4F72-AF7F-B4BD0E6E08E3}.Debug|Any CPU.ActiveCfg = Debug|Any CPU
		{FEA37A73-F628-4F72-AF7F-B4BD0E6E08E3}.Debug|Any CPU.Build.0 = Debug|Any CPU
		{FEA37A73-F628-4F72-AF7F-B4BD0E6E08E3}.Release|Any CPU.ActiveCfg = Release|Any CPU
		{FEA37A73-F628-4F72-AF7F-B4BD0E6E08E3}.Release|Any CPU.Build.0 = Release|Any CPU
	EndGlobalSection
	GlobalSection(SolutionProperties) = preSolution
		HideSolutionNode = FALSE
	EndGlobalSection
	GlobalSection(ExtensibilityGlobals) = postSolution
		SolutionGuid = {C3886AC4-E077-40CB-8211-F26984536558}
	EndGlobalSection
EndGlobal
